// !$*UTF8*$!
{
	archiveVersion = 1;
	classes = {
	};
	objectVersion = 56;
	objects = {

/* Begin PBXBuildFile section */
		1613436B2B6C9CF100CA3B65 /* MiHikeApp.swift in Sources */ = {isa = PBXBuildFile; fileRef = 1613436A2B6C9CF100CA3B65 /* MiHikeApp.swift */; };
		1613436F2B6C9CF200CA3B65 /* Assets.xcassets in Resources */ = {isa = PBXBuildFile; fileRef = 1613436E2B6C9CF200CA3B65 /* Assets.xcassets */; };
		161343722B6C9CF200CA3B65 /* Preview Assets.xcassets in Resources */ = {isa = PBXBuildFile; fileRef = 161343712B6C9CF200CA3B65 /* Preview Assets.xcassets */; };
		161343A12B6D760900CA3B65 /* SplashScreenView.swift in Sources */ = {isa = PBXBuildFile; fileRef = 161343A02B6D760900CA3B65 /* SplashScreenView.swift */; };
		161343A32B6D7D8F00CA3B65 /* MainTabView.swift in Sources */ = {isa = PBXBuildFile; fileRef = 161343A22B6D7D8F00CA3B65 /* MainTabView.swift */; };
		161343A52B6D7DA600CA3B65 /* TrailView.swift in Sources */ = {isa = PBXBuildFile; fileRef = 161343A42B6D7DA600CA3B65 /* TrailView.swift */; };
		161343A72B6D7DB100CA3B65 /* MapView.swift in Sources */ = {isa = PBXBuildFile; fileRef = 161343A62B6D7DB100CA3B65 /* MapView.swift */; };
		161343AB2B6D7EF500CA3B65 /* Trail.swift in Sources */ = {isa = PBXBuildFile; fileRef = 161343AA2B6D7EF500CA3B65 /* Trail.swift */; };
		1658DD842B71021A000717B9 /* TipsView.swift in Sources */ = {isa = PBXBuildFile; fileRef = 1658DD832B71021A000717B9 /* TipsView.swift */; };
		1658DD862B7102AF000717B9 /* TipsCardView.swift in Sources */ = {isa = PBXBuildFile; fileRef = 1658DD852B7102AF000717B9 /* TipsCardView.swift */; };
		1658DD882B710B41000717B9 /* TrailRow.swift in Sources */ = {isa = PBXBuildFile; fileRef = 1658DD872B710B41000717B9 /* TrailRow.swift */; };
		1658DD8A2B7115DC000717B9 /* TrailDetailRow.swift in Sources */ = {isa = PBXBuildFile; fileRef = 1658DD892B7115DC000717B9 /* TrailDetailRow.swift */; };
/* End PBXBuildFile section */

/* Begin PBXFileReference section */
		161343672B6C9CF100CA3B65 /* MiHike.app */ = {isa = PBXFileReference; explicitFileType = wrapper.application; includeInIndex = 0; path = MiHike.app; sourceTree = BUILT_PRODUCTS_DIR; };
		1613436A2B6C9CF100CA3B65 /* MiHikeApp.swift */ = {isa = PBXFileReference; lastKnownFileType = sourcecode.swift; path = MiHikeApp.swift; sourceTree = "<group>"; };
		1613436E2B6C9CF200CA3B65 /* Assets.xcassets */ = {isa = PBXFileReference; lastKnownFileType = folder.assetcatalog; path = Assets.xcassets; sourceTree = "<group>"; };
		161343712B6C9CF200CA3B65 /* Preview Assets.xcassets */ = {isa = PBXFileReference; lastKnownFileType = folder.assetcatalog; path = "Preview Assets.xcassets"; sourceTree = "<group>"; };
		161343A02B6D760900CA3B65 /* SplashScreenView.swift */ = {isa = PBXFileReference; lastKnownFileType = sourcecode.swift; path = SplashScreenView.swift; sourceTree = "<group>"; };
		161343A22B6D7D8F00CA3B65 /* MainTabView.swift */ = {isa = PBXFileReference; lastKnownFileType = sourcecode.swift; path = MainTabView.swift; sourceTree = "<group>"; };
		161343A42B6D7DA600CA3B65 /* TrailView.swift */ = {isa = PBXFileReference; lastKnownFileType = sourcecode.swift; path = TrailView.swift; sourceTree = "<group>"; };
		161343A62B6D7DB100CA3B65 /* MapView.swift */ = {isa = PBXFileReference; lastKnownFileType = sourcecode.swift; path = MapView.swift; sourceTree = "<group>"; };
		161343AA2B6D7EF500CA3B65 /* Trail.swift */ = {isa = PBXFileReference; lastKnownFileType = sourcecode.swift; path = Trail.swift; sourceTree = "<group>"; };
		1658DD832B71021A000717B9 /* TipsView.swift */ = {isa = PBXFileReference; lastKnownFileType = sourcecode.swift; path = TipsView.swift; sourceTree = "<group>"; };
		1658DD852B7102AF000717B9 /* TipsCardView.swift */ = {isa = PBXFileReference; lastKnownFileType = sourcecode.swift; path = TipsCardView.swift; sourceTree = "<group>"; };
		1658DD872B710B41000717B9 /* TrailRow.swift */ = {isa = PBXFileReference; lastKnownFileType = sourcecode.swift; path = TrailRow.swift; sourceTree = "<group>"; };
		1658DD892B7115DC000717B9 /* TrailDetailRow.swift */ = {isa = PBXFileReference; lastKnownFileType = sourcecode.swift; path = TrailDetailRow.swift; sourceTree = "<group>"; };
/* End PBXFileReference section */

/* Begin PBXFrameworksBuildPhase section */
		161343642B6C9CF100CA3B65 /* Frameworks */ = {
			isa = PBXFrameworksBuildPhase;
			buildActionMask = 2147483647;
			files = (
			);
			runOnlyForDeploymentPostprocessing = 0;
		};
/* End PBXFrameworksBuildPhase section */

/* Begin PBXGroup section */
		1613435E2B6C9CF100CA3B65 = {
			isa = PBXGroup;
			children = (
				161343692B6C9CF100CA3B65 /* MiHike */,
				161343682B6C9CF100CA3B65 /* Products */,
			);
			sourceTree = "<group>";
		};
		161343682B6C9CF100CA3B65 /* Products */ = {
			isa = PBXGroup;
			children = (
				161343672B6C9CF100CA3B65 /* MiHike.app */,
			);
			name = Products;
			sourceTree = "<group>";
		};
		161343692B6C9CF100CA3B65 /* MiHike */ = {
			isa = PBXGroup;
			children = (
				1613436A2B6C9CF100CA3B65 /* MiHikeApp.swift */,
				1658DD8C2B711601000717B9 /* Views */,
				161343A62B6D7DB100CA3B65 /* MapView.swift */,
				1658DD8B2B7115F4000717B9 /* Models */,
				1613436E2B6C9CF200CA3B65 /* Assets.xcassets */,
				161343702B6C9CF200CA3B65 /* Preview Content */,
			);
			path = MiHike;
			sourceTree = "<group>";
		};
		161343702B6C9CF200CA3B65 /* Preview Content */ = {
			isa = PBXGroup;
			children = (
				161343712B6C9CF200CA3B65 /* Preview Assets.xcassets */,
			);
			path = "Preview Content";
			sourceTree = "<group>";
		};
		1658DD8B2B7115F4000717B9 /* Models */ = {
			isa = PBXGroup;
			children = (
				161343AA2B6D7EF500CA3B65 /* Trail.swift */,
			);
			path = Models;
			sourceTree = "<group>";
		};
		1658DD8C2B711601000717B9 /* Views */ = {
			isa = PBXGroup;
			children = (
				161343A02B6D760900CA3B65 /* SplashScreenView.swift */,
				161343A22B6D7D8F00CA3B65 /* MainTabView.swift */,
				1658DD8E2B711646000717B9 /* Trails */,
				1658DD8D2B711631000717B9 /* Tips */,
			);
			path = Views;
			sourceTree = "<group>";
		};
		1658DD8D2B711631000717B9 /* Tips */ = {
			isa = PBXGroup;
			children = (
				1658DD832B71021A000717B9 /* TipsView.swift */,
				1658DD852B7102AF000717B9 /* TipsCardView.swift */,
			);
			path = Tips;
			sourceTree = "<group>";
		};
		1658DD8E2B711646000717B9 /* Trails */ = {
			isa = PBXGroup;
			children = (
				161343A42B6D7DA600CA3B65 /* TrailView.swift */,
				1658DD872B710B41000717B9 /* TrailRow.swift */,
				1658DD892B7115DC000717B9 /* TrailDetailRow.swift */,
			);
			path = Trails;
			sourceTree = "<group>";
		};
/* End PBXGroup section */

/* Begin PBXNativeTarget section */
		161343662B6C9CF100CA3B65 /* MiHike */ = {
			isa = PBXNativeTarget;
			buildConfigurationList = 161343752B6C9CF200CA3B65 /* Build configuration list for PBXNativeTarget "MiHike" */;
			buildPhases = (
				161343632B6C9CF100CA3B65 /* Sources */,
				161343642B6C9CF100CA3B65 /* Frameworks */,
				161343652B6C9CF100CA3B65 /* Resources */,
			);
			buildRules = (
			);
			dependencies = (
			);
			name = MiHike;
			productName = MiHike;
			productReference = 161343672B6C9CF100CA3B65 /* MiHike.app */;
			productType = "com.apple.product-type.application";
		};
/* End PBXNativeTarget section */

/* Begin PBXProject section */
		1613435F2B6C9CF100CA3B65 /* Project object */ = {
			isa = PBXProject;
			attributes = {
				BuildIndependentTargetsInParallel = 1;
				LastSwiftUpdateCheck = 1520;
				LastUpgradeCheck = 1520;
				TargetAttributes = {
					161343662B6C9CF100CA3B65 = {
						CreatedOnToolsVersion = 15.2;
					};
				};
			};
			buildConfigurationList = 161343622B6C9CF100CA3B65 /* Build configuration list for PBXProject "MiHike" */;
			compatibilityVersion = "Xcode 14.0";
			developmentRegion = en;
			hasScannedForEncodings = 0;
			knownRegions = (
				en,
				Base,
			);
			mainGroup = 1613435E2B6C9CF100CA3B65;
			productRefGroup = 161343682B6C9CF100CA3B65 /* Products */;
			projectDirPath = "";
			projectRoot = "";
			targets = (
				161343662B6C9CF100CA3B65 /* MiHike */,
			);
		};
/* End PBXProject section */

/* Begin PBXResourcesBuildPhase section */
		161343652B6C9CF100CA3B65 /* Resources */ = {
			isa = PBXResourcesBuildPhase;
			buildActionMask = 2147483647;
			files = (
				161343722B6C9CF200CA3B65 /* Preview Assets.xcassets in Resources */,
				1613436F2B6C9CF200CA3B65 /* Assets.xcassets in Resources */,
			);
			runOnlyForDeploymentPostprocessing = 0;
		};
/* End PBXResourcesBuildPhase section */

/* Begin PBXSourcesBuildPhase section */
		161343632B6C9CF100CA3B65 /* Sources */ = {
			isa = PBXSourcesBuildPhase;
			buildActionMask = 2147483647;
			files = (
				161343A72B6D7DB100CA3B65 /* MapView.swift in Sources */,
				1658DD862B7102AF000717B9 /* TipsCardView.swift in Sources */,
				161343AB2B6D7EF500CA3B65 /* Trail.swift in Sources */,
				1658DD842B71021A000717B9 /* TipsView.swift in Sources */,
				1658DD8A2B7115DC000717B9 /* TrailDetailRow.swift in Sources */,
				1658DD882B710B41000717B9 /* TrailRow.swift in Sources */,
				1613436B2B6C9CF100CA3B65 /* MiHikeApp.swift in Sources */,
				161343A12B6D760900CA3B65 /* SplashScreenView.swift in Sources */,
				161343A52B6D7DA600CA3B65 /* TrailView.swift in Sources */,
				161343A32B6D7D8F00CA3B65 /* MainTabView.swift in Sources */,
			);
			runOnlyForDeploymentPostprocessing = 0;
		};
/* End PBXSourcesBuildPhase section */

/* Begin XCBuildConfiguration section */
		161343732B6C9CF200CA3B65 /* Debug */ = {
			isa = XCBuildConfiguration;
			buildSettings = {
				ALWAYS_SEARCH_USER_PATHS = NO;
				ASSETCATALOG_COMPILER_GENERATE_SWIFT_ASSET_SYMBOL_EXTENSIONS = YES;
				CLANG_ANALYZER_NONNULL = YES;
				CLANG_ANALYZER_NUMBER_OBJECT_CONVERSION = YES_AGGRESSIVE;
				CLANG_CXX_LANGUAGE_STANDARD = "gnu++20";
				CLANG_ENABLE_MODULES = YES;
				CLANG_ENABLE_OBJC_ARC = YES;
				CLANG_ENABLE_OBJC_WEAK = YES;
				CLANG_WARN_BLOCK_CAPTURE_AUTORELEASING = YES;
				CLANG_WARN_BOOL_CONVERSION = YES;
				CLANG_WARN_COMMA = YES;
				CLANG_WARN_CONSTANT_CONVERSION = YES;
				CLANG_WARN_DEPRECATED_OBJC_IMPLEMENTATIONS = YES;
				CLANG_WARN_DIRECT_OBJC_ISA_USAGE = YES_ERROR;
				CLANG_WARN_DOCUMENTATION_COMMENTS = YES;
				CLANG_WARN_EMPTY_BODY = YES;
				CLANG_WARN_ENUM_CONVERSION = YES;
				CLANG_WARN_INFINITE_RECURSION = YES;
				CLANG_WARN_INT_CONVERSION = YES;
				CLANG_WARN_NON_LITERAL_NULL_CONVERSION = YES;
				CLANG_WARN_OBJC_IMPLICIT_RETAIN_SELF = YES;
				CLANG_WARN_OBJC_LITERAL_CONVERSION = YES;
				CLANG_WARN_OBJC_ROOT_CLASS = YES_ERROR;
				CLANG_WARN_QUOTED_INCLUDE_IN_FRAMEWORK_HEADER = YES;
				CLANG_WARN_RANGE_LOOP_ANALYSIS = YES;
				CLANG_WARN_STRICT_PROTOTYPES = YES;
				CLANG_WARN_SUSPICIOUS_MOVE = YES;
				CLANG_WARN_UNGUARDED_AVAILABILITY = YES_AGGRESSIVE;
				CLANG_WARN_UNREACHABLE_CODE = YES;
				CLANG_WARN__DUPLICATE_METHOD_MATCH = YES;
				COPY_PHASE_STRIP = NO;
				DEBUG_INFORMATION_FORMAT = dwarf;
				ENABLE_STRICT_OBJC_MSGSEND = YES;
				ENABLE_TESTABILITY = YES;
				ENABLE_USER_SCRIPT_SANDBOXING = YES;
				GCC_C_LANGUAGE_STANDARD = gnu17;
				GCC_DYNAMIC_NO_PIC = NO;
				GCC_NO_COMMON_BLOCKS = YES;
				GCC_OPTIMIZATION_LEVEL = 0;
				GCC_PREPROCESSOR_DEFINITIONS = (
					"DEBUG=1",
					"$(inherited)",
				);
				GCC_WARN_64_TO_32_BIT_CONVERSION = YES;
				GCC_WARN_ABOUT_RETURN_TYPE = YES_ERROR;
				GCC_WARN_UNDECLARED_SELECTOR = YES;
				GCC_WARN_UNINITIALIZED_AUTOS = YES_AGGRESSIVE;
				GCC_WARN_UNUSED_FUNCTION = YES;
				GCC_WARN_UNUSED_VARIABLE = YES;
				IPHONEOS_DEPLOYMENT_TARGET = 17.2;
				LOCALIZATION_PREFERS_STRING_CATALOGS = YES;
				MTL_ENABLE_DEBUG_INFO = INCLUDE_SOURCE;
				MTL_FAST_MATH = YES;
				ONLY_ACTIVE_ARCH = YES;
				SDKROOT = iphoneos;
				SWIFT_ACTIVE_COMPILATION_CONDITIONS = "DEBUG $(inherited)";
				SWIFT_OPTIMIZATION_LEVEL = "-Onone";
			};
			name = Debug;
		};
		161343742B6C9CF200CA3B65 /* Release */ = {
			isa = XCBuildConfiguration;
			buildSettings = {
				ALWAYS_SEARCH_USER_PATHS = NO;
				ASSETCATALOG_COMPILER_GENERATE_SWIFT_ASSET_SYMBOL_EXTENSIONS = YES;
				CLANG_ANALYZER_NONNULL = YES;
				CLANG_ANALYZER_NUMBER_OBJECT_CONVERSION = YES_AGGRESSIVE;
				CLANG_CXX_LANGUAGE_STANDARD = "gnu++20";
				CLANG_ENABLE_MODULES = YES;
				CLANG_ENABLE_OBJC_ARC = YES;
				CLANG_ENABLE_OBJC_WEAK = YES;
				CLANG_WARN_BLOCK_CAPTURE_AUTORELEASING = YES;
				CLANG_WARN_BOOL_CONVERSION = YES;
				CLANG_WARN_COMMA = YES;
				CLANG_WARN_CONSTANT_CONVERSION = YES;
				CLANG_WARN_DEPRECATED_OBJC_IMPLEMENTATIONS = YES;
				CLANG_WARN_DIRECT_OBJC_ISA_USAGE = YES_ERROR;
				CLANG_WARN_DOCUMENTATION_COMMENTS = YES;
				CLANG_WARN_EMPTY_BODY = YES;
				CLANG_WARN_ENUM_CONVERSION = YES;
				CLANG_WARN_INFINITE_RECURSION = YES;
				CLANG_WARN_INT_CONVERSION = YES;
				CLANG_WARN_NON_LITERAL_NULL_CONVERSION = YES;
				CLANG_WARN_OBJC_IMPLICIT_RETAIN_SELF = YES;
				CLANG_WARN_OBJC_LITERAL_CONVERSION = YES;
				CLANG_WARN_OBJC_ROOT_CLASS = YES_ERROR;
				CLANG_WARN_QUOTED_INCLUDE_IN_FRAMEWORK_HEADER = YES;
				CLANG_WARN_RANGE_LOOP_ANALYSIS = YES;
				CLANG_WARN_STRICT_PROTOTYPES = YES;
				CLANG_WARN_SUSPICIOUS_MOVE = YES;
				CLANG_WARN_UNGUARDED_AVAILABILITY = YES_AGGRESSIVE;
				CLANG_WARN_UNREACHABLE_CODE = YES;
				CLANG_WARN__DUPLICATE_METHOD_MATCH = YES;
				COPY_PHASE_STRIP = NO;
				DEBUG_INFORMATION_FORMAT = "dwarf-with-dsym";
				ENABLE_NS_ASSERTIONS = NO;
				ENABLE_STRICT_OBJC_MSGSEND = YES;
				ENABLE_USER_SCRIPT_SANDBOXING = YES;
				GCC_C_LANGUAGE_STANDARD = gnu17;
				GCC_NO_COMMON_BLOCKS = YES;
				GCC_WARN_64_TO_32_BIT_CONVERSION = YES;
				GCC_WARN_ABOUT_RETURN_TYPE = YES_ERROR;
				GCC_WARN_UNDECLARED_SELECTOR = YES;
				GCC_WARN_UNINITIALIZED_AUTOS = YES_AGGRESSIVE;
				GCC_WARN_UNUSED_FUNCTION = YES;
				GCC_WARN_UNUSED_VARIABLE = YES;
				IPHONEOS_DEPLOYMENT_TARGET = 17.2;
				LOCALIZATION_PREFERS_STRING_CATALOGS = YES;
				MTL_ENABLE_DEBUG_INFO = NO;
				MTL_FAST_MATH = YES;
				SDKROOT = iphoneos;
				SWIFT_COMPILATION_MODE = wholemodule;
				VALIDATE_PRODUCT = YES;
			};
			name = Release;
		};
		161343762B6C9CF200CA3B65 /* Debug */ = {
			isa = XCBuildConfiguration;
			buildSettings = {
				ASSETCATALOG_COMPILER_APPICON_NAME = AppIcon;
				ASSETCATALOG_COMPILER_GLOBAL_ACCENT_COLOR_NAME = AccentColor;
				CODE_SIGN_STYLE = Automatic;
				CURRENT_PROJECT_VERSION = 1;
				DEVELOPMENT_ASSET_PATHS = "\"MiHike/Preview Content\"";
				DEVELOPMENT_TEAM = MGX4V5XP6T;
				ENABLE_PREVIEWS = YES;
				GENERATE_INFOPLIST_FILE = YES;
				INFOPLIST_KEY_UIApplicationSceneManifest_Generation = YES;
				INFOPLIST_KEY_UIApplicationSupportsIndirectInputEvents = YES;
				INFOPLIST_KEY_UILaunchScreen_Generation = YES;
				INFOPLIST_KEY_UISupportedInterfaceOrientations_iPad = "UIInterfaceOrientationPortrait UIInterfaceOrientationPortraitUpsideDown UIInterfaceOrientationLandscapeLeft UIInterfaceOrientationLandscapeRight";
				INFOPLIST_KEY_UISupportedInterfaceOrientations_iPhone = "UIInterfaceOrientationPortrait UIInterfaceOrientationLandscapeLeft UIInterfaceOrientationLandscapeRight";
				LD_RUNPATH_SEARCH_PATHS = (
					"$(inherited)",
					"@executable_path/Frameworks",
				);
				MARKETING_VERSION = 1.0;
				PRODUCT_BUNDLE_IDENTIFIER = com.hoover.MiHike;
				PRODUCT_NAME = "$(TARGET_NAME)";
				SWIFT_EMIT_LOC_STRINGS = YES;
				SWIFT_VERSION = 5.0;
				TARGETED_DEVICE_FAMILY = "1,2";
			};
			name = Debug;
		};
		161343772B6C9CF200CA3B65 /* Release */ = {
			isa = XCBuildConfiguration;
			buildSettings = {
				ASSETCATALOG_COMPILER_APPICON_NAME = AppIcon;
				ASSETCATALOG_COMPILER_GLOBAL_ACCENT_COLOR_NAME = AccentColor;
				CODE_SIGN_STYLE = Automatic;
				CURRENT_PROJECT_VERSION = 1;
				DEVELOPMENT_ASSET_PATHS = "\"MiHike/Preview Content\"";
				DEVELOPMENT_TEAM = MGX4V5XP6T;
				ENABLE_PREVIEWS = YES;
				GENERATE_INFOPLIST_FILE = YES;
				INFOPLIST_KEY_UIApplicationSceneManifest_Generation = YES;
				INFOPLIST_KEY_UIApplicationSupportsIndirectInputEvents = YES;
				INFOPLIST_KEY_UILaunchScreen_Generation = YES;
				INFOPLIST_KEY_UISupportedInterfaceOrientations_iPad = "UIInterfaceOrientationPortrait UIInterfaceOrientationPortraitUpsideDown UIInterfaceOrientationLandscapeLeft UIInterfaceOrientationLandscapeRight";
				INFOPLIST_KEY_UISupportedInterfaceOrientations_iPhone = "UIInterfaceOrientationPortrait UIInterfaceOrientationLandscapeLeft UIInterfaceOrientationLandscapeRight";
				LD_RUNPATH_SEARCH_PATHS = (
					"$(inherited)",
					"@executable_path/Frameworks",
				);
				MARKETING_VERSION = 1.0;
				PRODUCT_BUNDLE_IDENTIFIER = com.hoover.MiHike;
				PRODUCT_NAME = "$(TARGET_NAME)";
				SWIFT_EMIT_LOC_STRINGS = YES;
				SWIFT_VERSION = 5.0;
				TARGETED_DEVICE_FAMILY = "1,2";
			};
			name = Release;
		};
/* End XCBuildConfiguration section */

/* Begin XCConfigurationList section */
		161343622B6C9CF100CA3B65 /* Build configuration list for PBXProject "MiHike" */ = {
			isa = XCConfigurationList;
			buildConfigurations = (
				161343732B6C9CF200CA3B65 /* Debug */,
				161343742B6C9CF200CA3B65 /* Release */,
			);
			defaultConfigurationIsVisible = 0;
			defaultConfigurationName = Release;
		};
		161343752B6C9CF200CA3B65 /* Build configuration list for PBXNativeTarget "MiHike" */ = {
			isa = XCConfigurationList;
			buildConfigurations = (
				161343762B6C9CF200CA3B65 /* Debug */,
				161343772B6C9CF200CA3B65 /* Release */,
			);
			defaultConfigurationIsVisible = 0;
			defaultConfigurationName = Release;
		};
/* End XCConfigurationList section */
	};
	rootObject = 1613435F2B6C9CF100CA3B65 /* Project object */;
}
